
Microsoft Visual Studio Solution File, Format Version 12.00
# Visual Studio Version 17
VisualStudioVersion = 17.5.33516.290
MinimumVisualStudioVersion = 10.0.40219.1
Project("{FAE04EC0-301F-11D3-BF4B-00C04F79EFBC}") = "classdanobeject3", "classdanobeject3\classdanobeject3.csproj", "{D3F7C801-53FE-41E7-89D6-C7B5B40A2D4D}"
EndProject
Global
	GlobalSection(SolutionConfigurationPlatforms) = preSolution
		Debug|Any CPU = Debug|Any CPU
		Release|Any CPU = Release|Any CPU
	EndGlobalSection
	GlobalSection(ProjectConfigurationPlatforms) = postSolution
		{D3F7C801-53FE-41E7-89D6-C7B5B40A2D4D}.Debug|Any CPU.ActiveCfg = Debug|Any CPU
		{D3F7C801-53FE-41E7-89D6-C7B5B40A2D4D}.Debug|Any CPU.Build.0 = Debug|Any CPU
		{D3F7C801-53FE-41E7-89D6-C7B5B40A2D4D}.Release|Any CPU.ActiveCfg = Release|Any CPU
		{D3F7C801-53FE-41E7-89D6-C7B5B40A2D4D}.Release|Any CPU.Build.0 = Release|Any CPU
	EndGlobalSection
	GlobalSection(SolutionProperties) = preSolution
		HideSolutionNode = FALSE
	EndGlobalSection
	GlobalSection(ExtensibilityGlobals) = postSolution
		SolutionGuid = {25472CDF-0886-4A52-B31D-0032913D6F12}
	EndGlobalSection
EndGlobal
